
Microsoft Visual Studio Solution File, Format Version 12.00
# Visual Studio 15
VisualStudioVersion = 15.0.28307.902
MinimumVisualStudioVersion = 10.0.40219.1
Project("{FAE04EC0-301F-11D3-BF4B-00C04F79EFBC}") = "timetransform", "timetransform\timetransform.csproj", "{8BEF7FCA-5288-435D-B7C1-CB1DD569B131}"
EndProject
Global
	GlobalSection(SolutionConfigurationPlatforms) = preSolution
		Debug|Any CPU = Debug|Any CPU
		Release|Any CPU = Release|Any CPU
	EndGlobalSection
	GlobalSection(ProjectConfigurationPlatforms) = postSolution
		{8BEF7FCA-5288-435D-B7C1-CB1DD569B131}.Debug|Any CPU.ActiveCfg = Debug|Any CPU
		{8BEF7FCA-5288-435D-B7C1-CB1DD569B131}.Debug|Any CPU.Build.0 = Debug|Any CPU
		{8BEF7FCA-5288-435D-B7C1-CB1DD569B131}.Release|Any CPU.ActiveCfg = Release|Any CPU
		{8BEF7FCA-5288-435D-B7C1-CB1DD569B131}.Release|Any CPU.Build.0 = Release|Any CPU
	EndGlobalSection
	GlobalSection(SolutionProperties) = preSolution
		HideSolutionNode = FALSE
	EndGlobalSection
	GlobalSection(ExtensibilityGlobals) = postSolution
		SolutionGuid = {E3009674-B47F-433F-9C31-A25C7EFAA933}
	EndGlobalSection
EndGlobal
